
Microsoft Visual Studio Solution File, Format Version 12.00
Project("{FAE04EC0-301F-11D3-BF4B-00C04F79EFBC}") = "apbd07", "apbd07\apbd07.csproj", "{223D4260-BD19-489B-89BA-D50B8ADD6A46}"
EndProject
Global
	GlobalSection(SolutionConfigurationPlatforms) = preSolution
		Debug|Any CPU = Debug|Any CPU
		Release|Any CPU = Release|Any CPU
	EndGlobalSection
	GlobalSection(ProjectConfigurationPlatforms) = postSolution
		{223D4260-BD19-489B-89BA-D50B8ADD6A46}.Debug|Any CPU.ActiveCfg = Debug|Any CPU
		{223D4260-BD19-489B-89BA-D50B8ADD6A46}.Debug|Any CPU.Build.0 = Debug|Any CPU
		{223D4260-BD19-489B-89BA-D50B8ADD6A46}.Release|Any CPU.ActiveCfg = Release|Any CPU
		{223D4260-BD19-489B-89BA-D50B8ADD6A46}.Release|Any CPU.Build.0 = Release|Any CPU
	EndGlobalSection
EndGlobal
